PODS:
  - MSPScrollView (0.1.3):
    - SDWebImage
  - SDWebImage (4.3.3):
    - SDWebImage/Core (= 4.3.3)
  - SDWebImage/Core (4.3.3)

DEPENDENCIES:
  - MSPScrollView (from `../`)

SPEC REPOS:
  https://github.com/CocoaPods/Specs.git:
    - SDWebImage

EXTERNAL SOURCES:
  MSPScrollView:
    :path: "../"

SPEC CHECKSUMS:
  MSPScrollView: a5906e49cc5f40dd23120457885776c2e8c7e1b7
  SDWebImage: de4d90b5bff3571eae7bd16202b1f43135409fa5

PODFILE CHECKSUM: 4363439c807eeb5063c13d6f1475fa6aef5771eb

COCOAPODS: 1.5.0
